
Microsoft Visual Studio Solution File, Format Version 12.00
# Visual Studio Version 16
VisualStudioVersion = 16.0.30804.86
MinimumVisualStudioVersion = 10.0.40219.1
Project("{FAE04EC0-301F-11D3-BF4B-00C04F79EFBC}") = "ConsoleChatBot", "ConsoleChatBot.csproj", "{3E514C51-4A2B-4F54-A545-94ABDD91A996}"
EndProject
Global
	GlobalSection(SolutionConfigurationPlatforms) = preSolution
		Debug|Any CPU = Debug|Any CPU
		Release|Any CPU = Release|Any CPU
	EndGlobalSection
	GlobalSection(ProjectConfigurationPlatforms) = postSolution
		{3E514C51-4A2B-4F54-A545-94ABDD91A996}.Debug|Any CPU.ActiveCfg = Debug|Any CPU
		{3E514C51-4A2B-4F54-A545-94ABDD91A996}.Debug|Any CPU.Build.0 = Debug|Any CPU
		{3E514C51-4A2B-4F54-A545-94ABDD91A996}.Release|Any CPU.ActiveCfg = Release|Any CPU
		{3E514C51-4A2B-4F54-A545-94ABDD91A996}.Release|Any CPU.Build.0 = Release|Any CPU
	EndGlobalSection
	GlobalSection(SolutionProperties) = preSolution
		HideSolutionNode = FALSE
	EndGlobalSection
	GlobalSection(ExtensibilityGlobals) = postSolution
		SolutionGuid = {006E3F29-D285-4D43-9CC4-6C16A48F1414}
	EndGlobalSection
EndGlobal
